
Microsoft Visual Studio Solution File, Format Version 12.00
# Visual Studio Version 16
VisualStudioVersion = 16.0.32106.194
MinimumVisualStudioVersion = 10.0.40219.1
Project("{FAE04EC0-301F-11D3-BF4B-00C04F79EFBC}") = "sidneyalvarezexamenfinal", "sidneyalvarezexamenfinal\sidneyalvarezexamenfinal.csproj", "{04FA31F7-7F51-4687-B4DB-108304AE0DC4}"
EndProject
Global
	GlobalSection(SolutionConfigurationPlatforms) = preSolution
		Debug|Any CPU = Debug|Any CPU
		Release|Any CPU = Release|Any CPU
	EndGlobalSection
	GlobalSection(ProjectConfigurationPlatforms) = postSolution
		{04FA31F7-7F51-4687-B4DB-108304AE0DC4}.Debug|Any CPU.ActiveCfg = Debug|Any CPU
		{04FA31F7-7F51-4687-B4DB-108304AE0DC4}.Debug|Any CPU.Build.0 = Debug|Any CPU
		{04FA31F7-7F51-4687-B4DB-108304AE0DC4}.Release|Any CPU.ActiveCfg = Release|Any CPU
		{04FA31F7-7F51-4687-B4DB-108304AE0DC4}.Release|Any CPU.Build.0 = Release|Any CPU
	EndGlobalSection
	GlobalSection(SolutionProperties) = preSolution
		HideSolutionNode = FALSE
	EndGlobalSection
	GlobalSection(ExtensibilityGlobals) = postSolution
		SolutionGuid = {E9EBF160-B1AE-43E5-B1A4-BD2592A1A73C}
	EndGlobalSection
EndGlobal
